
Microsoft Visual Studio Solution File, Format Version 12.00
# Visual Studio Version 16
VisualStudioVersion = 16.0.29519.87
MinimumVisualStudioVersion = 10.0.40219.1
Project("{9A19103F-16F7-4668-BE54-9A1E7A4F7556}") = "Retrospective_Front_End", "Retrospective_Front_End\Retrospective_Front_End.csproj", "{4AADB998-F3AB-411C-ABCB-5CB1C97A98B7}"
EndProject
Project("{9A19103F-16F7-4668-BE54-9A1E7A4F7556}") = "RetroSpective.Core", "RetroSpective.Core\RetroSpective.Core.csproj", "{3D4A103D-7C6F-411A-A52E-BC14F0FBA497}"
EndProject
Project("{FAE04EC0-301F-11D3-BF4B-00C04F79EFBC}") = "Retrospective_Back_End", "Retrospective_Back_End\Retrospective_Back_End.csproj", "{D0C51421-1B5B-4C97-AC35-677DE6768F28}"
EndProject
Project("{9A19103F-16F7-4668-BE54-9A1E7A4F7556}") = "Retrospective.EFSQLRetroSpectiveDbImpl", "RetroSpective.EFSQLRetroSpectiveDbImpl\Retrospective.EFSQLRetroSpectiveDbImpl.csproj", "{469F7B63-2F48-4E23-B557-AA5A63BAA01D}"
EndProject
Global
	GlobalSection(SolutionConfigurationPlatforms) = preSolution
		Debug|Any CPU = Debug|Any CPU
		Release|Any CPU = Release|Any CPU
	EndGlobalSection
	GlobalSection(ProjectConfigurationPlatforms) = postSolution
		{4AADB998-F3AB-411C-ABCB-5CB1C97A98B7}.Debug|Any CPU.ActiveCfg = Debug|Any CPU
		{4AADB998-F3AB-411C-ABCB-5CB1C97A98B7}.Debug|Any CPU.Build.0 = Debug|Any CPU
		{4AADB998-F3AB-411C-ABCB-5CB1C97A98B7}.Release|Any CPU.ActiveCfg = Release|Any CPU
		{4AADB998-F3AB-411C-ABCB-5CB1C97A98B7}.Release|Any CPU.Build.0 = Release|Any CPU
		{3D4A103D-7C6F-411A-A52E-BC14F0FBA497}.Debug|Any CPU.ActiveCfg = Debug|Any CPU
		{3D4A103D-7C6F-411A-A52E-BC14F0FBA497}.Debug|Any CPU.Build.0 = Debug|Any CPU
		{3D4A103D-7C6F-411A-A52E-BC14F0FBA497}.Release|Any CPU.ActiveCfg = Release|Any CPU
		{3D4A103D-7C6F-411A-A52E-BC14F0FBA497}.Release|Any CPU.Build.0 = Release|Any CPU
		{D0C51421-1B5B-4C97-AC35-677DE6768F28}.Debug|Any CPU.ActiveCfg = Debug|Any CPU
		{D0C51421-1B5B-4C97-AC35-677DE6768F28}.Debug|Any CPU.Build.0 = Debug|Any CPU
		{D0C51421-1B5B-4C97-AC35-677DE6768F28}.Release|Any CPU.ActiveCfg = Release|Any CPU
		{D0C51421-1B5B-4C97-AC35-677DE6768F28}.Release|Any CPU.Build.0 = Release|Any CPU
	EndGlobalSection
	GlobalSection(SolutionProperties) = preSolution
		HideSolutionNode = FALSE
	EndGlobalSection
	GlobalSection(ExtensibilityGlobals) = postSolution
		SolutionGuid = {368CB60B-7500-4976-A2E3-267DEC585452}
	EndGlobalSection
EndGlobal
