
Microsoft Visual Studio Solution File, Format Version 12.00
# Visual Studio Version 16
VisualStudioVersion = 16.0.29519.87
MinimumVisualStudioVersion = 10.0.40219.1
Project("{9A19103F-16F7-4668-BE54-9A1E7A4F7556}") = "Retrospective_Back_End", "Retrospective_Back_End\Retrospective_Back_End.csproj", "{CCFC69C9-6CEF-41D2-A229-05F9A7A7EC19}"
EndProject
Project("{FAE04EC0-301F-11D3-BF4B-00C04F79EFBC}") = "Retrospective_Front_End", "Retrospective_Front_End\Retrospective_Front_End.csproj", "{4AADB998-F3AB-411C-ABCB-5CB1C97A98B7}"
EndProject
Global
	GlobalSection(SolutionConfigurationPlatforms) = preSolution
		Debug|Any CPU = Debug|Any CPU
		Release|Any CPU = Release|Any CPU
	EndGlobalSection
	GlobalSection(ProjectConfigurationPlatforms) = postSolution
		{CCFC69C9-6CEF-41D2-A229-05F9A7A7EC19}.Debug|Any CPU.ActiveCfg = Debug|Any CPU
		{CCFC69C9-6CEF-41D2-A229-05F9A7A7EC19}.Debug|Any CPU.Build.0 = Debug|Any CPU
		{CCFC69C9-6CEF-41D2-A229-05F9A7A7EC19}.Release|Any CPU.ActiveCfg = Release|Any CPU
		{CCFC69C9-6CEF-41D2-A229-05F9A7A7EC19}.Release|Any CPU.Build.0 = Release|Any CPU
		{4AADB998-F3AB-411C-ABCB-5CB1C97A98B7}.Debug|Any CPU.ActiveCfg = Debug|Any CPU
		{4AADB998-F3AB-411C-ABCB-5CB1C97A98B7}.Debug|Any CPU.Build.0 = Debug|Any CPU
		{4AADB998-F3AB-411C-ABCB-5CB1C97A98B7}.Release|Any CPU.ActiveCfg = Release|Any CPU
		{4AADB998-F3AB-411C-ABCB-5CB1C97A98B7}.Release|Any CPU.Build.0 = Release|Any CPU
	EndGlobalSection
	GlobalSection(SolutionProperties) = preSolution
		HideSolutionNode = FALSE
	EndGlobalSection
	GlobalSection(ExtensibilityGlobals) = postSolution
		SolutionGuid = {368CB60B-7500-4976-A2E3-267DEC585452}
	EndGlobalSection
EndGlobal
